
Microsoft Visual Studio Solution File, Format Version 12.00
# Visual Studio 2012
Project("{FAE04EC0-301F-11D3-BF4B-00C04F79EFBC}") = "ImageResizer", "ImageResizer\ImageResizer.csproj", "{78912E2D-2D25-49CC-A6C3-6B8CC76F72FF}"
EndProject
Global
	GlobalSection(SolutionConfigurationPlatforms) = preSolution
		Debug|Any CPU = Debug|Any CPU
		Release|Any CPU = Release|Any CPU
	EndGlobalSection
	GlobalSection(ProjectConfigurationPlatforms) = postSolution
		{78912E2D-2D25-49CC-A6C3-6B8CC76F72FF}.Debug|Any CPU.ActiveCfg = Debug|Any CPU
		{78912E2D-2D25-49CC-A6C3-6B8CC76F72FF}.Debug|Any CPU.Build.0 = Debug|Any CPU
		{78912E2D-2D25-49CC-A6C3-6B8CC76F72FF}.Release|Any CPU.ActiveCfg = Release|Any CPU
		{78912E2D-2D25-49CC-A6C3-6B8CC76F72FF}.Release|Any CPU.Build.0 = Release|Any CPU
	EndGlobalSection
	GlobalSection(SolutionProperties) = preSolution
		HideSolutionNode = FALSE
	EndGlobalSection
EndGlobal
